// !$*UTF8*$!
{
	archiveVersion = 1;
	classes = {
	};
	objectVersion = 77;
	objects = {

/* Begin PBXBuildFile section */
		EACEA7012DAE9CE900C4D1E0 /* FirebaseAuth in Frameworks */ = {isa = PBXBuildFile; productRef = EACEA7002DAE9CE900C4D1E0 /* FirebaseAuth */; };
		EACEA7032DAE9CE900C4D1E0 /* FirebaseCore in Frameworks */ = {isa = PBXBuildFile; productRef = EACEA7022DAE9CE900C4D1E0 /* FirebaseCore */; };
		EACEA7052DAE9CE900C4D1E0 /* FirebaseFirestore in Frameworks */ = {isa = PBXBuildFile; productRef = EACEA7042DAE9CE900C4D1E0 /* FirebaseFirestore */; };
/* End PBXBuildFile section */

/* Begin PBXContainerItemProxy section */
		79D7CF9A2DA5986600978CC2 /* PBXContainerItemProxy */ = {
			isa = PBXContainerItemProxy;
			containerPortal = 79D7CF7F2DA5986500978CC2 /* Project object */;
			proxyType = 1;
			remoteGlobalIDString = 79D7CF862DA5986500978CC2;
			remoteInfo = PrepPal;
		};
		79D7CFA42DA5986600978CC2 /* PBXContainerItemProxy */ = {
			isa = PBXContainerItemProxy;
			containerPortal = 79D7CF7F2DA5986500978CC2 /* Project object */;
			proxyType = 1;
			remoteGlobalIDString = 79D7CF862DA5986500978CC2;
			remoteInfo = PrepPal;
		};
/* End PBXContainerItemProxy section */

/* Begin PBXFileReference section */
		79D7CF872DA5986500978CC2 /* PrepPal.app */ = {isa = PBXFileReference; explicitFileType = wrapper.application; includeInIndex = 0; path = PrepPal.app; sourceTree = BUILT_PRODUCTS_DIR; };
		79D7CF992DA5986600978CC2 /* PrepPalTests.xctest */ = {isa = PBXFileReference; explicitFileType = wrapper.cfbundle; includeInIndex = 0; path = PrepPalTests.xctest; sourceTree = BUILT_PRODUCTS_DIR; };
		79D7CFA32DA5986600978CC2 /* PrepPalUITests.xctest */ = {isa = PBXFileReference; explicitFileType = wrapper.cfbundle; includeInIndex = 0; path = PrepPalUITests.xctest; sourceTree = BUILT_PRODUCTS_DIR; };
/* End PBXFileReference section */

/* Begin PBXFileSystemSynchronizedBuildFileExceptionSet section */
		EACEA6FD2DAE9C8F00C4D1E0 /* Exceptions for "PrepPalUITests" folder in "PrepPal" target */ = {
			isa = PBXFileSystemSynchronizedBuildFileExceptionSet;
			membershipExceptions = (
				"GoogleService-Info.plist",
			);
			target = 79D7CF862DA5986500978CC2 /* PrepPal */;
		};
		EACEA6FE2DAE9C8F00C4D1E0 /* Exceptions for "PrepPalUITests" folder in "PrepPalTests" target */ = {
			isa = PBXFileSystemSynchronizedBuildFileExceptionSet;
			membershipExceptions = (
				"GoogleService-Info.plist",
			);
			target = 79D7CF982DA5986600978CC2 /* PrepPalTests */;
		};
/* End PBXFileSystemSynchronizedBuildFileExceptionSet section */

/* Begin PBXFileSystemSynchronizedRootGroup section */
		79D7CF892DA5986500978CC2 /* PrepPal */ = {
			isa = PBXFileSystemSynchronizedRootGroup;
			path = PrepPal;
			sourceTree = "<group>";
		};
		79D7CF9C2DA5986600978CC2 /* PrepPalTests */ = {
			isa = PBXFileSystemSynchronizedRootGroup;
			path = PrepPalTests;
			sourceTree = "<group>";
		};
		79D7CFA62DA5986600978CC2 /* PrepPalUITests */ = {
			isa = PBXFileSystemSynchronizedRootGroup;
			exceptions = (
				EACEA6FD2DAE9C8F00C4D1E0 /* Exceptions for "PrepPalUITests" folder in "PrepPal" target */,
				EACEA6FE2DAE9C8F00C4D1E0 /* Exceptions for "PrepPalUITests" folder in "PrepPalTests" target */,
			);
			path = PrepPalUITests;
			sourceTree = "<group>";
		};
/* End PBXFileSystemSynchronizedRootGroup section */

/* Begin PBXFrameworksBuildPhase section */
		79D7CF842DA5986500978CC2 /* Frameworks */ = {
			isa = PBXFrameworksBuildPhase;
			buildActionMask = 2147483647;
			files = (
				EACEA7032DAE9CE900C4D1E0 /* FirebaseCore in Frameworks */,
				EACEA7012DAE9CE900C4D1E0 /* FirebaseAuth in Frameworks */,
				EACEA7052DAE9CE900C4D1E0 /* FirebaseFirestore in Frameworks */,
			);
			runOnlyForDeploymentPostprocessing = 0;
		};
		79D7CF962DA5986600978CC2 /* Frameworks */ = {
			isa = PBXFrameworksBuildPhase;
			buildActionMask = 2147483647;
			files = (
			);
			runOnlyForDeploymentPostprocessing = 0;
		};
		79D7CFA02DA5986600978CC2 /* Frameworks */ = {
			isa = PBXFrameworksBuildPhase;
			buildActionMask = 2147483647;
			files = (
			);
			runOnlyForDeploymentPostprocessing = 0;
		};
/* End PBXFrameworksBuildPhase section */

/* Begin PBXGroup section */
		79D7CF7E2DA5986500978CC2 = {
			isa = PBXGroup;
			children = (
				79D7CF892DA5986500978CC2 /* PrepPal */,
				79D7CF9C2DA5986600978CC2 /* PrepPalTests */,
				79D7CFA62DA5986600978CC2 /* PrepPalUITests */,
				79D7CF882DA5986500978CC2 /* Products */,
			);
			sourceTree = "<group>";
		};
		79D7CF882DA5986500978CC2 /* Products */ = {
			isa = PBXGroup;
			children = (
				79D7CF872DA5986500978CC2 /* PrepPal.app */,
				79D7CF992DA5986600978CC2 /* PrepPalTests.xctest */,
				79D7CFA32DA5986600978CC2 /* PrepPalUITests.xctest */,
			);
			name = Products;
			sourceTree = "<group>";
		};
/* End PBXGroup section */

/* Begin PBXNativeTarget section */
		79D7CF862DA5986500978CC2 /* PrepPal */ = {
			isa = PBXNativeTarget;
			buildConfigurationList = 79D7CFAD2DA5986600978CC2 /* Build configuration list for PBXNativeTarget "PrepPal" */;
			buildPhases = (
				79D7CF832DA5986500978CC2 /* Sources */,
				79D7CF842DA5986500978CC2 /* Frameworks */,
				79D7CF852DA5986500978CC2 /* Resources */,
			);
			buildRules = (
			);
			dependencies = (
			);
			fileSystemSynchronizedGroups = (
				79D7CF892DA5986500978CC2 /* PrepPal */,
			);
			name = PrepPal;
			packageProductDependencies = (
				EACEA7002DAE9CE900C4D1E0 /* FirebaseAuth */,
				EACEA7022DAE9CE900C4D1E0 /* FirebaseCore */,
				EACEA7042DAE9CE900C4D1E0 /* FirebaseFirestore */,
			);
			productName = PrepPal;
			productReference = 79D7CF872DA5986500978CC2 /* PrepPal.app */;
			productType = "com.apple.product-type.application";
		};
		79D7CF982DA5986600978CC2 /* PrepPalTests */ = {
			isa = PBXNativeTarget;
			buildConfigurationList = 79D7CFB02DA5986600978CC2 /* Build configuration list for PBXNativeTarget "PrepPalTests" */;
			buildPhases = (
				79D7CF952DA5986600978CC2 /* Sources */,
				79D7CF962DA5986600978CC2 /* Frameworks */,
				79D7CF972DA5986600978CC2 /* Resources */,
			);
			buildRules = (
			);
			dependencies = (
				79D7CF9B2DA5986600978CC2 /* PBXTargetDependency */,
			);
			fileSystemSynchronizedGroups = (
				79D7CF9C2DA5986600978CC2 /* PrepPalTests */,
			);
			name = PrepPalTests;
			packageProductDependencies = (
			);
			productName = PrepPalTests;
			productReference = 79D7CF992DA5986600978CC2 /* PrepPalTests.xctest */;
			productType = "com.apple.product-type.bundle.unit-test";
		};
		79D7CFA22DA5986600978CC2 /* PrepPalUITests */ = {
			isa = PBXNativeTarget;
			buildConfigurationList = 79D7CFB32DA5986600978CC2 /* Build configuration list for PBXNativeTarget "PrepPalUITests" */;
			buildPhases = (
				79D7CF9F2DA5986600978CC2 /* Sources */,
				79D7CFA02DA5986600978CC2 /* Frameworks */,
				79D7CFA12DA5986600978CC2 /* Resources */,
			);
			buildRules = (
			);
			dependencies = (
				79D7CFA52DA5986600978CC2 /* PBXTargetDependency */,
			);
			fileSystemSynchronizedGroups = (
				79D7CFA62DA5986600978CC2 /* PrepPalUITests */,
			);
			name = PrepPalUITests;
			packageProductDependencies = (
			);
			productName = PrepPalUITests;
			productReference = 79D7CFA32DA5986600978CC2 /* PrepPalUITests.xctest */;
			productType = "com.apple.product-type.bundle.ui-testing";
		};
/* End PBXNativeTarget section */

/* Begin PBXProject section */
		79D7CF7F2DA5986500978CC2 /* Project object */ = {
			isa = PBXProject;
			attributes = {
				BuildIndependentTargetsInParallel = 1;
				LastSwiftUpdateCheck = 1620;
				LastUpgradeCheck = 1620;
				TargetAttributes = {
					79D7CF862DA5986500978CC2 = {
						CreatedOnToolsVersion = 16.2;
					};
					79D7CF982DA5986600978CC2 = {
						CreatedOnToolsVersion = 16.2;
						TestTargetID = 79D7CF862DA5986500978CC2;
					};
					79D7CFA22DA5986600978CC2 = {
						CreatedOnToolsVersion = 16.2;
						TestTargetID = 79D7CF862DA5986500978CC2;
					};
				};
			};
			buildConfigurationList = 79D7CF822DA5986500978CC2 /* Build configuration list for PBXProject "PrepPal" */;
			developmentRegion = en;
			hasScannedForEncodings = 0;
			knownRegions = (
				en,
				Base,
			);
			mainGroup = 79D7CF7E2DA5986500978CC2;
			minimizedProjectReferenceProxies = 1;
			packageReferences = (
				EACEA6FF2DAE9CE900C4D1E0 /* XCRemoteSwiftPackageReference "firebase-ios-sdk" */,
			);
			preferredProjectObjectVersion = 77;
			productRefGroup = 79D7CF882DA5986500978CC2 /* Products */;
			projectDirPath = "";
			projectRoot = "";
			targets = (
				79D7CF862DA5986500978CC2 /* PrepPal */,
				79D7CF982DA5986600978CC2 /* PrepPalTests */,
				79D7CFA22DA5986600978CC2 /* PrepPalUITests */,
			);
		};
/* End PBXProject section */

/* Begin PBXResourcesBuildPhase section */
		79D7CF852DA5986500978CC2 /* Resources */ = {
			isa = PBXResourcesBuildPhase;
			buildActionMask = 2147483647;
			files = (
			);
			runOnlyForDeploymentPostprocessing = 0;
		};
		79D7CF972DA5986600978CC2 /* Resources */ = {
			isa = PBXResourcesBuildPhase;
			buildActionMask = 2147483647;
			files = (
			);
			runOnlyForDeploymentPostprocessing = 0;
		};
		79D7CFA12DA5986600978CC2 /* Resources */ = {
			isa = PBXResourcesBuildPhase;
			buildActionMask = 2147483647;
			files = (
			);
			runOnlyForDeploymentPostprocessing = 0;
		};
/* End PBXResourcesBuildPhase section */

/* Begin PBXSourcesBuildPhase section */
		79D7CF832DA5986500978CC2 /* Sources */ = {
			isa = PBXSourcesBuildPhase;
			buildActionMask = 2147483647;
			files = (
			);
			runOnlyForDeploymentPostprocessing = 0;
		};
		79D7CF952DA5986600978CC2 /* Sources */ = {
			isa = PBXSourcesBuildPhase;
			buildActionMask = 2147483647;
			files = (
			);
			runOnlyForDeploymentPostprocessing = 0;
		};
		79D7CF9F2DA5986600978CC2 /* Sources */ = {
			isa = PBXSourcesBuildPhase;
			buildActionMask = 2147483647;
			files = (
			);
			runOnlyForDeploymentPostprocessing = 0;
		};
/* End PBXSourcesBuildPhase section */

/* Begin PBXTargetDependency section */
		79D7CF9B2DA5986600978CC2 /* PBXTargetDependency */ = {
			isa = PBXTargetDependency;
			target = 79D7CF862DA5986500978CC2 /* PrepPal */;
			targetProxy = 79D7CF9A2DA5986600978CC2 /* PBXContainerItemProxy */;
		};
		79D7CFA52DA5986600978CC2 /* PBXTargetDependency */ = {
			isa = PBXTargetDependency;
			target = 79D7CF862DA5986500978CC2 /* PrepPal */;
			targetProxy = 79D7CFA42DA5986600978CC2 /* PBXContainerItemProxy */;
		};
/* End PBXTargetDependency section */

/* Begin XCBuildConfiguration section */
		79D7CFAB2DA5986600978CC2 /* Debug */ = {
			isa = XCBuildConfiguration;
			buildSettings = {
				ALWAYS_SEARCH_USER_PATHS = NO;
				ASSETCATALOG_COMPILER_GENERATE_SWIFT_ASSET_SYMBOL_EXTENSIONS = YES;
				CLANG_ANALYZER_NONNULL = YES;
				CLANG_ANALYZER_NUMBER_OBJECT_CONVERSION = YES_AGGRESSIVE;
				CLANG_CXX_LANGUAGE_STANDARD = "gnu++20";
				CLANG_ENABLE_MODULES = YES;
				CLANG_ENABLE_OBJC_ARC = YES;
				CLANG_ENABLE_OBJC_WEAK = YES;
				CLANG_WARN_BLOCK_CAPTURE_AUTORELEASING = YES;
				CLANG_WARN_BOOL_CONVERSION = YES;
				CLANG_WARN_COMMA = YES;
				CLANG_WARN_CONSTANT_CONVERSION = YES;
				CLANG_WARN_DEPRECATED_OBJC_IMPLEMENTATIONS = YES;
				CLANG_WARN_DIRECT_OBJC_ISA_USAGE = YES_ERROR;
				CLANG_WARN_DOCUMENTATION_COMMENTS = YES;
				CLANG_WARN_EMPTY_BODY = YES;
				CLANG_WARN_ENUM_CONVERSION = YES;
				CLANG_WARN_INFINITE_RECURSION = YES;
				CLANG_WARN_INT_CONVERSION = YES;
				CLANG_WARN_NON_LITERAL_NULL_CONVERSION = YES;
				CLANG_WARN_OBJC_IMPLICIT_RETAIN_SELF = YES;
				CLANG_WARN_OBJC_LITERAL_CONVERSION = YES;
				CLANG_WARN_OBJC_ROOT_CLASS = YES_ERROR;
				CLANG_WARN_QUOTED_INCLUDE_IN_FRAMEWORK_HEADER = YES;
				CLANG_WARN_RANGE_LOOP_ANALYSIS = YES;
				CLANG_WARN_STRICT_PROTOTYPES = YES;
				CLANG_WARN_SUSPICIOUS_MOVE = YES;
				CLANG_WARN_UNGUARDED_AVAILABILITY = YES_AGGRESSIVE;
				CLANG_WARN_UNREACHABLE_CODE = YES;
				CLANG_WARN__DUPLICATE_METHOD_MATCH = YES;
				COPY_PHASE_STRIP = NO;
				DEBUG_INFORMATION_FORMAT = dwarf;
				ENABLE_STRICT_OBJC_MSGSEND = YES;
				ENABLE_TESTABILITY = YES;
				ENABLE_USER_SCRIPT_SANDBOXING = YES;
				GCC_C_LANGUAGE_STANDARD = gnu17;
				GCC_DYNAMIC_NO_PIC = NO;
				GCC_NO_COMMON_BLOCKS = YES;
				GCC_OPTIMIZATION_LEVEL = 0;
				GCC_PREPROCESSOR_DEFINITIONS = (
					"DEBUG=1",
					"$(inherited)",
				);
				GCC_WARN_64_TO_32_BIT_CONVERSION = YES;
				GCC_WARN_ABOUT_RETURN_TYPE = YES_ERROR;
				GCC_WARN_UNDECLARED_SELECTOR = YES;
				GCC_WARN_UNINITIALIZED_AUTOS = YES_AGGRESSIVE;
				GCC_WARN_UNUSED_FUNCTION = YES;
				GCC_WARN_UNUSED_VARIABLE = YES;
				IPHONEOS_DEPLOYMENT_TARGET = 18.2;
				LOCALIZATION_PREFERS_STRING_CATALOGS = YES;
				MTL_ENABLE_DEBUG_INFO = INCLUDE_SOURCE;
				MTL_FAST_MATH = YES;
				ONLY_ACTIVE_ARCH = YES;
				SDKROOT = iphoneos;
				SWIFT_ACTIVE_COMPILATION_CONDITIONS = "DEBUG $(inherited)";
				SWIFT_OPTIMIZATION_LEVEL = "-Onone";
			};
			name = Debug;
		};
		79D7CFAC2DA5986600978CC2 /* Release */ = {
			isa = XCBuildConfiguration;
			buildSettings = {
				ALWAYS_SEARCH_USER_PATHS = NO;
				ASSETCATALOG_COMPILER_GENERATE_SWIFT_ASSET_SYMBOL_EXTENSIONS = YES;
				CLANG_ANALYZER_NONNULL = YES;
				CLANG_ANALYZER_NUMBER_OBJECT_CONVERSION = YES_AGGRESSIVE;
				CLANG_CXX_LANGUAGE_STANDARD = "gnu++20";
				CLANG_ENABLE_MODULES = YES;
				CLANG_ENABLE_OBJC_ARC = YES;
				CLANG_ENABLE_OBJC_WEAK = YES;
				CLANG_WARN_BLOCK_CAPTURE_AUTORELEASING = YES;
				CLANG_WARN_BOOL_CONVERSION = YES;
				CLANG_WARN_COMMA = YES;
				CLANG_WARN_CONSTANT_CONVERSION = YES;
				CLANG_WARN_DEPRECATED_OBJC_IMPLEMENTATIONS = YES;
				CLANG_WARN_DIRECT_OBJC_ISA_USAGE = YES_ERROR;
				CLANG_WARN_DOCUMENTATION_COMMENTS = YES;
				CLANG_WARN_EMPTY_BODY = YES;
				CLANG_WARN_ENUM_CONVERSION = YES;
				CLANG_WARN_INFINITE_RECURSION = YES;
				CLANG_WARN_INT_CONVERSION = YES;
				CLANG_WARN_NON_LITERAL_NULL_CONVERSION = YES;
				CLANG_WARN_OBJC_IMPLICIT_RETAIN_SELF = YES;
				CLANG_WARN_OBJC_LITERAL_CONVERSION = YES;
				CLANG_WARN_OBJC_ROOT_CLASS = YES_ERROR;
				CLANG_WARN_QUOTED_INCLUDE_IN_FRAMEWORK_HEADER = YES;
				CLANG_WARN_RANGE_LOOP_ANALYSIS = YES;
				CLANG_WARN_STRICT_PROTOTYPES = YES;
				CLANG_WARN_SUSPICIOUS_MOVE = YES;
				CLANG_WARN_UNGUARDED_AVAILABILITY = YES_AGGRESSIVE;
				CLANG_WARN_UNREACHABLE_CODE = YES;
				CLANG_WARN__DUPLICATE_METHOD_MATCH = YES;
				COPY_PHASE_STRIP = NO;
				DEBUG_INFORMATION_FORMAT = "dwarf-with-dsym";
				ENABLE_NS_ASSERTIONS = NO;
				ENABLE_STRICT_OBJC_MSGSEND = YES;
				ENABLE_USER_SCRIPT_SANDBOXING = YES;
				GCC_C_LANGUAGE_STANDARD = gnu17;
				GCC_NO_COMMON_BLOCKS = YES;
				GCC_WARN_64_TO_32_BIT_CONVERSION = YES;
				GCC_WARN_ABOUT_RETURN_TYPE = YES_ERROR;
				GCC_WARN_UNDECLARED_SELECTOR = YES;
				GCC_WARN_UNINITIALIZED_AUTOS = YES_AGGRESSIVE;
				GCC_WARN_UNUSED_FUNCTION = YES;
				GCC_WARN_UNUSED_VARIABLE = YES;
				IPHONEOS_DEPLOYMENT_TARGET = 18.2;
				LOCALIZATION_PREFERS_STRING_CATALOGS = YES;
				MTL_ENABLE_DEBUG_INFO = NO;
				MTL_FAST_MATH = YES;
				SDKROOT = iphoneos;
				SWIFT_COMPILATION_MODE = wholemodule;
				VALIDATE_PRODUCT = YES;
			};
			name = Release;
		};
		79D7CFAE2DA5986600978CC2 /* Debug */ = {
			isa = XCBuildConfiguration;
			buildSettings = {
				ASSETCATALOG_COMPILER_APPICON_NAME = AppIcon;
				ASSETCATALOG_COMPILER_GLOBAL_ACCENT_COLOR_NAME = AccentColor;
				CODE_SIGN_STYLE = Automatic;
				CURRENT_PROJECT_VERSION = 1;
				DEVELOPMENT_ASSET_PATHS = "\"PrepPal/Preview Content\"";
				DEVELOPMENT_TEAM = "";
				ENABLE_PREVIEWS = YES;
				GENERATE_INFOPLIST_FILE = YES;
				INFOPLIST_KEY_UIApplicationSceneManifest_Generation = YES;
				INFOPLIST_KEY_UIApplicationSupportsIndirectInputEvents = YES;
				INFOPLIST_KEY_UILaunchScreen_Generation = YES;
				INFOPLIST_KEY_UISupportedInterfaceOrientations_iPad = "UIInterfaceOrientationPortrait UIInterfaceOrientationPortraitUpsideDown UIInterfaceOrientationLandscapeLeft UIInterfaceOrientationLandscapeRight";
				INFOPLIST_KEY_UISupportedInterfaceOrientations_iPhone = "UIInterfaceOrientationPortrait UIInterfaceOrientationLandscapeLeft UIInterfaceOrientationLandscapeRight";
				LD_RUNPATH_SEARCH_PATHS = (
					"$(inherited)",
					"@executable_path/Frameworks",
				);
				MARKETING_VERSION = 1.0;
				PRODUCT_BUNDLE_IDENTIFIER = Kiitan.PrepPal;
				PRODUCT_NAME = "$(TARGET_NAME)";
				SWIFT_EMIT_LOC_STRINGS = YES;
				SWIFT_VERSION = 5.0;
				TARGETED_DEVICE_FAMILY = "1,2";
			};
			name = Debug;
		};
		79D7CFAF2DA5986600978CC2 /* Release */ = {
			isa = XCBuildConfiguration;
			buildSettings = {
				ASSETCATALOG_COMPILER_APPICON_NAME = AppIcon;
				ASSETCATALOG_COMPILER_GLOBAL_ACCENT_COLOR_NAME = AccentColor;
				CODE_SIGN_STYLE = Automatic;
				CURRENT_PROJECT_VERSION = 1;
				DEVELOPMENT_ASSET_PATHS = "\"PrepPal/Preview Content\"";
				DEVELOPMENT_TEAM = "";
				ENABLE_PREVIEWS = YES;
				GENERATE_INFOPLIST_FILE = YES;
				INFOPLIST_KEY_UIApplicationSceneManifest_Generation = YES;
				INFOPLIST_KEY_UIApplicationSupportsIndirectInputEvents = YES;
				INFOPLIST_KEY_UILaunchScreen_Generation = YES;
				INFOPLIST_KEY_UISupportedInterfaceOrientations_iPad = "UIInterfaceOrientationPortrait UIInterfaceOrientationPortraitUpsideDown UIInterfaceOrientationLandscapeLeft UIInterfaceOrientationLandscapeRight";
				INFOPLIST_KEY_UISupportedInterfaceOrientations_iPhone = "UIInterfaceOrientationPortrait UIInterfaceOrientationLandscapeLeft UIInterfaceOrientationLandscapeRight";
				LD_RUNPATH_SEARCH_PATHS = (
					"$(inherited)",
					"@executable_path/Frameworks",
				);
				MARKETING_VERSION = 1.0;
				PRODUCT_BUNDLE_IDENTIFIER = Kiitan.PrepPal;
				PRODUCT_NAME = "$(TARGET_NAME)";
				SWIFT_EMIT_LOC_STRINGS = YES;
				SWIFT_VERSION = 5.0;
				TARGETED_DEVICE_FAMILY = "1,2";
			};
			name = Release;
		};
		79D7CFB12DA5986600978CC2 /* Debug */ = {
			isa = XCBuildConfiguration;
			buildSettings = {
				BUNDLE_LOADER = "$(TEST_HOST)";
				CODE_SIGN_STYLE = Automatic;
				CURRENT_PROJECT_VERSION = 1;
				DEVELOPMENT_TEAM = D7UR4D5M2J;
				GENERATE_INFOPLIST_FILE = YES;
				IPHONEOS_DEPLOYMENT_TARGET = 18.2;
				MARKETING_VERSION = 1.0;
				PRODUCT_BUNDLE_IDENTIFIER = Kiitan.PrepPalTests;
				PRODUCT_NAME = "$(TARGET_NAME)";
				SWIFT_EMIT_LOC_STRINGS = NO;
				SWIFT_VERSION = 5.0;
				TARGETED_DEVICE_FAMILY = "1,2";
				TEST_HOST = "$(BUILT_PRODUCTS_DIR)/PrepPal.app/$(BUNDLE_EXECUTABLE_FOLDER_PATH)/PrepPal";
			};
			name = Debug;
		};
		79D7CFB22DA5986600978CC2 /* Release */ = {
			isa = XCBuildConfiguration;
			buildSettings = {
				BUNDLE_LOADER = "$(TEST_HOST)";
				CODE_SIGN_STYLE = Automatic;
				CURRENT_PROJECT_VERSION = 1;
				DEVELOPMENT_TEAM = D7UR4D5M2J;
				GENERATE_INFOPLIST_FILE = YES;
				IPHONEOS_DEPLOYMENT_TARGET = 18.2;
				MARKETING_VERSION = 1.0;
				PRODUCT_BUNDLE_IDENTIFIER = Kiitan.PrepPalTests;
				PRODUCT_NAME = "$(TARGET_NAME)";
				SWIFT_EMIT_LOC_STRINGS = NO;
				SWIFT_VERSION = 5.0;
				TARGETED_DEVICE_FAMILY = "1,2";
				TEST_HOST = "$(BUILT_PRODUCTS_DIR)/PrepPal.app/$(BUNDLE_EXECUTABLE_FOLDER_PATH)/PrepPal";
			};
			name = Release;
		};
		79D7CFB42DA5986600978CC2 /* Debug */ = {
			isa = XCBuildConfiguration;
			buildSettings = {
				CODE_SIGN_STYLE = Automatic;
				CURRENT_PROJECT_VERSION = 1;
				DEVELOPMENT_TEAM = D7UR4D5M2J;
				GENERATE_INFOPLIST_FILE = YES;
				MARKETING_VERSION = 1.0;
				PRODUCT_BUNDLE_IDENTIFIER = Kiitan.PrepPalUITests;
				PRODUCT_NAME = "$(TARGET_NAME)";
				SWIFT_EMIT_LOC_STRINGS = NO;
				SWIFT_VERSION = 5.0;
				TARGETED_DEVICE_FAMILY = "1,2";
				TEST_TARGET_NAME = PrepPal;
			};
			name = Debug;
		};
		79D7CFB52DA5986600978CC2 /* Release */ = {
			isa = XCBuildConfiguration;
			buildSettings = {
				CODE_SIGN_STYLE = Automatic;
				CURRENT_PROJECT_VERSION = 1;
				DEVELOPMENT_TEAM = D7UR4D5M2J;
				GENERATE_INFOPLIST_FILE = YES;
				MARKETING_VERSION = 1.0;
				PRODUCT_BUNDLE_IDENTIFIER = Kiitan.PrepPalUITests;
				PRODUCT_NAME = "$(TARGET_NAME)";
				SWIFT_EMIT_LOC_STRINGS = NO;
				SWIFT_VERSION = 5.0;
				TARGETED_DEVICE_FAMILY = "1,2";
				TEST_TARGET_NAME = PrepPal;
			};
			name = Release;
		};
/* End XCBuildConfiguration section */

/* Begin XCConfigurationList section */
		79D7CF822DA5986500978CC2 /* Build configuration list for PBXProject "PrepPal" */ = {
			isa = XCConfigurationList;
			buildConfigurations = (
				79D7CFAB2DA5986600978CC2 /* Debug */,
				79D7CFAC2DA5986600978CC2 /* Release */,
			);
			defaultConfigurationIsVisible = 0;
			defaultConfigurationName = Release;
		};
		79D7CFAD2DA5986600978CC2 /* Build configuration list for PBXNativeTarget "PrepPal" */ = {
			isa = XCConfigurationList;
			buildConfigurations = (
				79D7CFAE2DA5986600978CC2 /* Debug */,
				79D7CFAF2DA5986600978CC2 /* Release */,
			);
			defaultConfigurationIsVisible = 0;
			defaultConfigurationName = Release;
		};
		79D7CFB02DA5986600978CC2 /* Build configuration list for PBXNativeTarget "PrepPalTests" */ = {
			isa = XCConfigurationList;
			buildConfigurations = (
				79D7CFB12DA5986600978CC2 /* Debug */,
				79D7CFB22DA5986600978CC2 /* Release */,
			);
			defaultConfigurationIsVisible = 0;
			defaultConfigurationName = Release;
		};
		79D7CFB32DA5986600978CC2 /* Build configuration list for PBXNativeTarget "PrepPalUITests" */ = {
			isa = XCConfigurationList;
			buildConfigurations = (
				79D7CFB42DA5986600978CC2 /* Debug */,
				79D7CFB52DA5986600978CC2 /* Release */,
			);
			defaultConfigurationIsVisible = 0;
			defaultConfigurationName = Release;
		};
/* End XCConfigurationList section */

/* Begin XCRemoteSwiftPackageReference section */
		EACEA6FF2DAE9CE900C4D1E0 /* XCRemoteSwiftPackageReference "firebase-ios-sdk" */ = {
			isa = XCRemoteSwiftPackageReference;
			repositoryURL = "https://github.com/firebase/firebase-ios-sdk";
			requirement = {
				kind = upToNextMajorVersion;
				minimumVersion = 11.11.0;
			};
		};
/* End XCRemoteSwiftPackageReference section */

/* Begin XCSwiftPackageProductDependency section */
		EACEA7002DAE9CE900C4D1E0 /* FirebaseAuth */ = {
			isa = XCSwiftPackageProductDependency;
			package = EACEA6FF2DAE9CE900C4D1E0 /* XCRemoteSwiftPackageReference "firebase-ios-sdk" */;
			productName = FirebaseAuth;
		};
		EACEA7022DAE9CE900C4D1E0 /* FirebaseCore */ = {
			isa = XCSwiftPackageProductDependency;
			package = EACEA6FF2DAE9CE900C4D1E0 /* XCRemoteSwiftPackageReference "firebase-ios-sdk" */;
			productName = FirebaseCore;
		};
		EACEA7042DAE9CE900C4D1E0 /* FirebaseFirestore */ = {
			isa = XCSwiftPackageProductDependency;
			package = EACEA6FF2DAE9CE900C4D1E0 /* XCRemoteSwiftPackageReference "firebase-ios-sdk" */;
			productName = FirebaseFirestore;
		};
/* End XCSwiftPackageProductDependency section */
	};
	rootObject = 79D7CF7F2DA5986500978CC2 /* Project object */;
}
